
Microsoft Visual Studio Solution File, Format Version 12.00
# Visual Studio 15
VisualStudioVersion = 15.0.27703.2042
MinimumVisualStudioVersion = 10.0.40219.1
Project("{FAE04EC0-301F-11D3-BF4B-00C04F79EFBC}") = "IWF.V-Dump", "IWF.V-Dump\IWF.V-Dump.csproj", "{1F83F6BD-FAB3-4109-AA13-46DB82C524BE}"
EndProject
Global
	GlobalSection(SolutionConfigurationPlatforms) = preSolution
		Debug|Any CPU = Debug|Any CPU
		Release|Any CPU = Release|Any CPU
	EndGlobalSection
	GlobalSection(ProjectConfigurationPlatforms) = postSolution
		{1F83F6BD-FAB3-4109-AA13-46DB82C524BE}.Debug|Any CPU.ActiveCfg = Debug|Any CPU
		{1F83F6BD-FAB3-4109-AA13-46DB82C524BE}.Debug|Any CPU.Build.0 = Debug|Any CPU
		{1F83F6BD-FAB3-4109-AA13-46DB82C524BE}.Release|Any CPU.ActiveCfg = Release|Any CPU
		{1F83F6BD-FAB3-4109-AA13-46DB82C524BE}.Release|Any CPU.Build.0 = Release|Any CPU
	EndGlobalSection
	GlobalSection(SolutionProperties) = preSolution
		HideSolutionNode = FALSE
	EndGlobalSection
	GlobalSection(ExtensibilityGlobals) = postSolution
		SolutionGuid = {1CDF7859-CD8C-4EA3-B9D0-CC02CED8E424}
	EndGlobalSection
EndGlobal
